{
    "_readme": [
        "This file locks the dependencies of your project to a known state",
        "Read more about it at https://getcomposer.org/doc/01-basic-usage.md#installing-dependencies",
        "This file is @generated automatically"
    ],
    "content-hash": "b8ec3420a376dcb50163ed2a42074d42",
    "packages": [
        {
            "name": "itmar/block-class-package",
            "version": "dev-master",
            "source": {
                "type": "git",
                "url": "https://github.com/itmaroon/block-class-package.git",
                "reference": "83b2d961c68b7aa59bebf44640c467e580bf2ca4"
            },
            "dist": {
                "type": "zip",
                "url": "https://api.github.com/repos/itmaroon/block-class-package/zipball/83b2d961c68b7aa59bebf44640c467e580bf2ca4",
                "reference": "83b2d961c68b7aa59bebf44640c467e580bf2ca4",
                "shasum": ""
            },
            "default-branch": true,
            "type": "library",
            "autoload": {
                "psr-4": {
                    "Itmar\\BlockClassPakage\\": "src/"
                }
            },
            "license": [
                "MIT"
            ],
            "authors": [
                {
                    "name": "itmaroon",
                    "email": "master@itmaroon.net"
                }
            ],
            "description": "Gutenberg block class package",
            "support": {
                "source": "https://github.com/itmaroon/block-class-package/tree/master",
                "issues": "https://github.com/itmaroon/block-class-package/issues"
            },
            "time": "2024-01-31T05:12:06+00:00"
        }
    ],
    "packages-dev": [],
    "aliases": [],
    "minimum-stability": "dev",
    "stability-flags": {
        "itmar/block-class-package": 20
    },
    "prefer-stable": false,
    "prefer-lowest": false,
    "platform": [],
    "platform-dev": [],
    "plugin-api-version": "2.3.0"
}
