{
	"name": "slide-blocks",
	"version": "0.1.0",
	"lockfileVersion": 3,
	"requires": true,
	"packages": {
		"": {
			"name": "slide-blocks",
			"version": "0.1.0",
			"license": "GPL-2.0-or-later",
			"dependencies": {
				"vegas": "^3.0.0"
			}
		},
		"node_modules/vegas": {
			"version": "3.0.0",
			"resolved": "https://registry.npmjs.org/vegas/-/vegas-3.0.0.tgz",
			"integrity": "sha512-p7GmnVqbV6nSlXydOZv6RzToCzsQl9GaToaqFiwPPzauOOC37/4IZ5xL2OrtFhk3RgIfOOnFgJMXK7k9q9Olqw==",
			"license": "MIT"
		}
	}
}
