{
	"name": "slide-blocks",
	"version": "0.1.0",
	"lockfileVersion": 3,
	"requires": true,
	"packages": {
		"": {
			"name": "slide-blocks",
			"version": "0.1.0",
			"license": "GPL-2.0-or-later",
			"dependencies": {
				"@wordpress/icons": "^9.42.0",
				"react-dom": "^18.2.0",
				"styled-components": "^6.1.8",
				"swiper": "^11.1.3"
			}
		},
		"node_modules/@babel/runtime": {
			"version": "7.23.9",
			"resolved": "https://registry.npmjs.org/@babel/runtime/-/runtime-7.23.9.tgz",
			"integrity": "sha512-0CX6F+BI2s9dkUqr08KFrAIZgNFj75rdBU/DjCyYLIaV/quFjkk6T+EJ2LkZHyZTbEV4L5p97mNkUsHl2wLFAw==",
			"dependencies": {
				"regenerator-runtime": "^0.14.0"
			},
			"engines": {
				"node": ">=6.9.0"
			}
		},
		"node_modules/@emotion/is-prop-valid": {
			"version": "1.2.1",
			"resolved": "https://registry.npmjs.org/@emotion/is-prop-valid/-/is-prop-valid-1.2.1.tgz",
			"integrity": "sha512-61Mf7Ufx4aDxx1xlDeOm8aFFigGHE4z+0sKCa+IHCeZKiyP9RLD0Mmx7m8b9/Cf37f7NAvQOOJAbQQGVr5uERw==",
			"dependencies": {
				"@emotion/memoize": "^0.8.1"
			}
		},
		"node_modules/@emotion/memoize": {
			"version": "0.8.1",
			"resolved": "https://registry.npmjs.org/@emotion/memoize/-/memoize-0.8.1.tgz",
			"integrity": "sha512-W2P2c/VRW1/1tLox0mVUalvnWXxavmv/Oum2aPsRcoDJuob75FC3Y8FbpfLwUegRcxINtGUMPq0tFCvYNTBXNA=="
		},
		"node_modules/@emotion/unitless": {
			"version": "0.8.0",
			"resolved": "https://registry.npmjs.org/@emotion/unitless/-/unitless-0.8.0.tgz",
			"integrity": "sha512-VINS5vEYAscRl2ZUDiT3uMPlrFQupiKgHz5AA4bCH1miKBg4qtwkim1qPmJj/4WG6TreYMY111rEFsjupcOKHw=="
		},
		"node_modules/@types/prop-types": {
			"version": "15.7.12",
			"resolved": "https://registry.npmjs.org/@types/prop-types/-/prop-types-15.7.12.tgz",
			"integrity": "sha512-5zvhXYtRNRluoE/jAp4GVsSduVUzNWKkOZrCDBWYtE7biZywwdC2AcEzg+cSMLFRfVgeAFqpfNabiPjxFddV1Q=="
		},
		"node_modules/@types/react": {
			"version": "18.3.0",
			"resolved": "https://registry.npmjs.org/@types/react/-/react-18.3.0.tgz",
			"integrity": "sha512-DiUcKjzE6soLyln8NNZmyhcQjVv+WsUIFSqetMN0p8927OztKT4VTfFTqsbAi5oAGIcgOmOajlfBqyptDDjZRw==",
			"dependencies": {
				"@types/prop-types": "*",
				"csstype": "^3.0.2"
			}
		},
		"node_modules/@types/react-dom": {
			"version": "18.3.0",
			"resolved": "https://registry.npmjs.org/@types/react-dom/-/react-dom-18.3.0.tgz",
			"integrity": "sha512-EhwApuTmMBmXuFOikhQLIBUn6uFg81SwLMOAUgodJF14SOBOCMdU04gDoYi0WOJJHD144TL32z4yDqCW3dnkQg==",
			"dependencies": {
				"@types/react": "*"
			}
		},
		"node_modules/@types/stylis": {
			"version": "4.2.0",
			"resolved": "https://registry.npmjs.org/@types/stylis/-/stylis-4.2.0.tgz",
			"integrity": "sha512-n4sx2bqL0mW1tvDf/loQ+aMX7GQD3lc3fkCMC55VFNDu/vBOabO+LTIeXKM14xK0ppk5TUGcWRjiSpIlUpghKw=="
		},
		"node_modules/@wordpress/element": {
			"version": "5.33.0",
			"resolved": "https://registry.npmjs.org/@wordpress/element/-/element-5.33.0.tgz",
			"integrity": "sha512-RNisHbRgAO5/RLyfckgHYWgKq+IKd8Yn1mJHYWp+1Fx+1K6vjlhr/1D4a81fWL15IoCTV3tYh6zYei4/fRpZog==",
			"dependencies": {
				"@babel/runtime": "^7.16.0",
				"@types/react": "^18.0.21",
				"@types/react-dom": "^18.0.6",
				"@wordpress/escape-html": "^2.56.0",
				"change-case": "^4.1.2",
				"is-plain-object": "^5.0.0",
				"react": "^18.2.0",
				"react-dom": "^18.2.0"
			},
			"engines": {
				"node": ">=12"
			}
		},
		"node_modules/@wordpress/element/node_modules/is-plain-object": {
			"version": "5.0.0",
			"resolved": "https://registry.npmjs.org/is-plain-object/-/is-plain-object-5.0.0.tgz",
			"integrity": "sha512-VRSzKkbMm5jMDoKLbltAkFQ5Qr7VDiTFGXxYFXXowVj387GeGNOCsOH6Msy00SGZ3Fp84b1Naa1psqgcCIEP5Q==",
			"engines": {
				"node": ">=0.10.0"
			}
		},
		"node_modules/@wordpress/escape-html": {
			"version": "2.56.0",
			"resolved": "https://registry.npmjs.org/@wordpress/escape-html/-/escape-html-2.56.0.tgz",
			"integrity": "sha512-f+NDe9ZyUtaoiU8VYSKRjxsKqqzinrVcpcqj+umiLhKD5ShGW8V7LcSr3JOdE4TgjHvw2eezFvRmEo/kXowmMA==",
			"dependencies": {
				"@babel/runtime": "^7.16.0"
			},
			"engines": {
				"node": ">=12"
			}
		},
		"node_modules/@wordpress/icons": {
			"version": "9.47.0",
			"resolved": "https://registry.npmjs.org/@wordpress/icons/-/icons-9.47.0.tgz",
			"integrity": "sha512-IQIoEr0LxPWUOgcHnMIqU/ytg3x/swxbl8AGG1ONFks3/2tYdDk3I2/CAYgQGpaiSFIOJjNVk1keqa8DBOnciw==",
			"dependencies": {
				"@babel/runtime": "^7.16.0",
				"@wordpress/element": "^5.33.0",
				"@wordpress/primitives": "^3.54.0"
			},
			"engines": {
				"node": ">=12"
			}
		},
		"node_modules/@wordpress/primitives": {
			"version": "3.54.0",
			"resolved": "https://registry.npmjs.org/@wordpress/primitives/-/primitives-3.54.0.tgz",
			"integrity": "sha512-2TrXDvYW3V0nlq6ZCYYvJ5obPZNtrsuIdB0iLdUavCOSBoXTROhRZY9Pxz45bB2CLlmEUs9OfL7izx9IuAg4Mw==",
			"dependencies": {
				"@babel/runtime": "^7.16.0",
				"@wordpress/element": "^5.33.0",
				"classnames": "^2.3.1"
			},
			"engines": {
				"node": ">=12"
			}
		},
		"node_modules/camel-case": {
			"version": "4.1.2",
			"resolved": "https://registry.npmjs.org/camel-case/-/camel-case-4.1.2.tgz",
			"integrity": "sha512-gxGWBrTT1JuMx6R+o5PTXMmUnhnVzLQ9SNutD4YqKtI6ap897t3tKECYla6gCWEkplXnlNybEkZg9GEGxKFCgw==",
			"dependencies": {
				"pascal-case": "^3.1.2",
				"tslib": "^2.0.3"
			}
		},
		"node_modules/camelize": {
			"version": "1.0.1",
			"resolved": "https://registry.npmjs.org/camelize/-/camelize-1.0.1.tgz",
			"integrity": "sha512-dU+Tx2fsypxTgtLoE36npi3UqcjSSMNYfkqgmoEhtZrraP5VWq0K7FkWVTYa8eMPtnU/G2txVsfdCJTn9uzpuQ==",
			"funding": {
				"url": "https://github.com/sponsors/ljharb"
			}
		},
		"node_modules/capital-case": {
			"version": "1.0.4",
			"resolved": "https://registry.npmjs.org/capital-case/-/capital-case-1.0.4.tgz",
			"integrity": "sha512-ds37W8CytHgwnhGGTi88pcPyR15qoNkOpYwmMMfnWqqWgESapLqvDx6huFjQ5vqWSn2Z06173XNA7LtMOeUh1A==",
			"dependencies": {
				"no-case": "^3.0.4",
				"tslib": "^2.0.3",
				"upper-case-first": "^2.0.2"
			}
		},
		"node_modules/change-case": {
			"version": "4.1.2",
			"resolved": "https://registry.npmjs.org/change-case/-/change-case-4.1.2.tgz",
			"integrity": "sha512-bSxY2ws9OtviILG1EiY5K7NNxkqg/JnRnFxLtKQ96JaviiIxi7djMrSd0ECT9AC+lttClmYwKw53BWpOMblo7A==",
			"dependencies": {
				"camel-case": "^4.1.2",
				"capital-case": "^1.0.4",
				"constant-case": "^3.0.4",
				"dot-case": "^3.0.4",
				"header-case": "^2.0.4",
				"no-case": "^3.0.4",
				"param-case": "^3.0.4",
				"pascal-case": "^3.1.2",
				"path-case": "^3.0.4",
				"sentence-case": "^3.0.4",
				"snake-case": "^3.0.4",
				"tslib": "^2.0.3"
			}
		},
		"node_modules/classnames": {
			"version": "2.5.1",
			"resolved": "https://registry.npmjs.org/classnames/-/classnames-2.5.1.tgz",
			"integrity": "sha512-saHYOzhIQs6wy2sVxTM6bUDsQO4F50V9RQ22qBpEdCW+I+/Wmke2HOl6lS6dTpdxVhb88/I6+Hs+438c3lfUow=="
		},
		"node_modules/constant-case": {
			"version": "3.0.4",
			"resolved": "https://registry.npmjs.org/constant-case/-/constant-case-3.0.4.tgz",
			"integrity": "sha512-I2hSBi7Vvs7BEuJDr5dDHfzb/Ruj3FyvFyh7KLilAjNQw3Be+xgqUBA2W6scVEcL0hL1dwPRtIqEPVUCKkSsyQ==",
			"dependencies": {
				"no-case": "^3.0.4",
				"tslib": "^2.0.3",
				"upper-case": "^2.0.2"
			}
		},
		"node_modules/css-color-keywords": {
			"version": "1.0.0",
			"resolved": "https://registry.npmjs.org/css-color-keywords/-/css-color-keywords-1.0.0.tgz",
			"integrity": "sha512-FyyrDHZKEjXDpNJYvVsV960FiqQyXc/LlYmsxl2BcdMb2WPx0OGRVgTg55rPSyLSNMqP52R9r8geSp7apN3Ofg==",
			"engines": {
				"node": ">=4"
			}
		},
		"node_modules/css-to-react-native": {
			"version": "3.2.0",
			"resolved": "https://registry.npmjs.org/css-to-react-native/-/css-to-react-native-3.2.0.tgz",
			"integrity": "sha512-e8RKaLXMOFii+02mOlqwjbD00KSEKqblnpO9e++1aXS1fPQOpS1YoqdVHBqPjHNoxeF2mimzVqawm2KCbEdtHQ==",
			"dependencies": {
				"camelize": "^1.0.0",
				"css-color-keywords": "^1.0.0",
				"postcss-value-parser": "^4.0.2"
			}
		},
		"node_modules/csstype": {
			"version": "3.1.2",
			"resolved": "https://registry.npmjs.org/csstype/-/csstype-3.1.2.tgz",
			"integrity": "sha512-I7K1Uu0MBPzaFKg4nI5Q7Vs2t+3gWWW648spaF+Rg7pI9ds18Ugn+lvg4SHczUdKlHI5LWBXyqfS8+DufyBsgQ=="
		},
		"node_modules/dot-case": {
			"version": "3.0.4",
			"resolved": "https://registry.npmjs.org/dot-case/-/dot-case-3.0.4.tgz",
			"integrity": "sha512-Kv5nKlh6yRrdrGvxeJ2e5y2eRUpkUosIW4A2AS38zwSz27zu7ufDwQPi5Jhs3XAlGNetl3bmnGhQsMtkKJnj3w==",
			"dependencies": {
				"no-case": "^3.0.4",
				"tslib": "^2.0.3"
			}
		},
		"node_modules/header-case": {
			"version": "2.0.4",
			"resolved": "https://registry.npmjs.org/header-case/-/header-case-2.0.4.tgz",
			"integrity": "sha512-H/vuk5TEEVZwrR0lp2zed9OCo1uAILMlx0JEMgC26rzyJJ3N1v6XkwHHXJQdR2doSjcGPM6OKPYoJgf0plJ11Q==",
			"dependencies": {
				"capital-case": "^1.0.4",
				"tslib": "^2.0.3"
			}
		},
		"node_modules/js-tokens": {
			"version": "4.0.0",
			"resolved": "https://registry.npmjs.org/js-tokens/-/js-tokens-4.0.0.tgz",
			"integrity": "sha512-RdJUflcE3cUzKiMqQgsCu06FPu9UdIJO0beYbPhHN4k6apgJtifcoCtT9bcxOpYBtpD2kCM6Sbzg4CausW/PKQ=="
		},
		"node_modules/loose-envify": {
			"version": "1.4.0",
			"resolved": "https://registry.npmjs.org/loose-envify/-/loose-envify-1.4.0.tgz",
			"integrity": "sha512-lyuxPGr/Wfhrlem2CL/UcnUc1zcqKAImBDzukY7Y5F/yQiNdko6+fRLevlw1HgMySw7f611UIY408EtxRSoK3Q==",
			"dependencies": {
				"js-tokens": "^3.0.0 || ^4.0.0"
			},
			"bin": {
				"loose-envify": "cli.js"
			}
		},
		"node_modules/lower-case": {
			"version": "2.0.2",
			"resolved": "https://registry.npmjs.org/lower-case/-/lower-case-2.0.2.tgz",
			"integrity": "sha512-7fm3l3NAF9WfN6W3JOmf5drwpVqX78JtoGJ3A6W0a6ZnldM41w2fV5D490psKFTpMds8TJse/eHLFFsNHHjHgg==",
			"dependencies": {
				"tslib": "^2.0.3"
			}
		},
		"node_modules/nanoid": {
			"version": "3.3.7",
			"resolved": "https://registry.npmjs.org/nanoid/-/nanoid-3.3.7.tgz",
			"integrity": "sha512-eSRppjcPIatRIMC1U6UngP8XFcz8MQWGQdt1MTBQ7NaAmvXDfvNxbvWV3x2y6CdEUciCSsDHDQZbhYaB8QEo2g==",
			"funding": [
				{
					"type": "github",
					"url": "https://github.com/sponsors/ai"
				}
			],
			"bin": {
				"nanoid": "bin/nanoid.cjs"
			},
			"engines": {
				"node": "^10 || ^12 || ^13.7 || ^14 || >=15.0.1"
			}
		},
		"node_modules/no-case": {
			"version": "3.0.4",
			"resolved": "https://registry.npmjs.org/no-case/-/no-case-3.0.4.tgz",
			"integrity": "sha512-fgAN3jGAh+RoxUGZHTSOLJIqUc2wmoBwGR4tbpNAKmmovFoWq0OdRkb0VkldReO2a2iBT/OEulG9XSUc10r3zg==",
			"dependencies": {
				"lower-case": "^2.0.2",
				"tslib": "^2.0.3"
			}
		},
		"node_modules/param-case": {
			"version": "3.0.4",
			"resolved": "https://registry.npmjs.org/param-case/-/param-case-3.0.4.tgz",
			"integrity": "sha512-RXlj7zCYokReqWpOPH9oYivUzLYZ5vAPIfEmCTNViosC78F8F0H9y7T7gG2M39ymgutxF5gcFEsyZQSph9Bp3A==",
			"dependencies": {
				"dot-case": "^3.0.4",
				"tslib": "^2.0.3"
			}
		},
		"node_modules/pascal-case": {
			"version": "3.1.2",
			"resolved": "https://registry.npmjs.org/pascal-case/-/pascal-case-3.1.2.tgz",
			"integrity": "sha512-uWlGT3YSnK9x3BQJaOdcZwrnV6hPpd8jFH1/ucpiLRPh/2zCVJKS19E4GvYHvaCcACn3foXZ0cLB9Wrx1KGe5g==",
			"dependencies": {
				"no-case": "^3.0.4",
				"tslib": "^2.0.3"
			}
		},
		"node_modules/path-case": {
			"version": "3.0.4",
			"resolved": "https://registry.npmjs.org/path-case/-/path-case-3.0.4.tgz",
			"integrity": "sha512-qO4qCFjXqVTrcbPt/hQfhTQ+VhFsqNKOPtytgNKkKxSoEp3XPUQ8ObFuePylOIok5gjn69ry8XiULxCwot3Wfg==",
			"dependencies": {
				"dot-case": "^3.0.4",
				"tslib": "^2.0.3"
			}
		},
		"node_modules/picocolors": {
			"version": "1.0.0",
			"resolved": "https://registry.npmjs.org/picocolors/-/picocolors-1.0.0.tgz",
			"integrity": "sha512-1fygroTLlHu66zi26VoTDv8yRgm0Fccecssto+MhsZ0D/DGW2sm8E8AjW7NU5VVTRt5GxbeZ5qBuJr+HyLYkjQ=="
		},
		"node_modules/postcss-value-parser": {
			"version": "4.2.0",
			"resolved": "https://registry.npmjs.org/postcss-value-parser/-/postcss-value-parser-4.2.0.tgz",
			"integrity": "sha512-1NNCs6uurfkVbeXG4S8JFT9t19m45ICnif8zWLd5oPSZ50QnwMfK+H3jv408d4jw/7Bttv5axS5IiHoLaVNHeQ=="
		},
		"node_modules/react": {
			"version": "18.2.0",
			"resolved": "https://registry.npmjs.org/react/-/react-18.2.0.tgz",
			"integrity": "sha512-/3IjMdb2L9QbBdWiW5e3P2/npwMBaU9mHCSCUzNln0ZCYbcfTsGbTJrU/kGemdH2IWmB2ioZ+zkxtmq6g09fGQ==",
			"dependencies": {
				"loose-envify": "^1.1.0"
			},
			"engines": {
				"node": ">=0.10.0"
			}
		},
		"node_modules/react-dom": {
			"version": "18.2.0",
			"resolved": "https://registry.npmjs.org/react-dom/-/react-dom-18.2.0.tgz",
			"integrity": "sha512-6IMTriUmvsjHUjNtEDudZfuDQUoWXVxKHhlEGSk81n4YFS+r/Kl99wXiwlVXtPBtJenozv2P+hxDsw9eA7Xo6g==",
			"dependencies": {
				"loose-envify": "^1.1.0",
				"scheduler": "^0.23.0"
			},
			"peerDependencies": {
				"react": "^18.2.0"
			}
		},
		"node_modules/regenerator-runtime": {
			"version": "0.14.1",
			"resolved": "https://registry.npmjs.org/regenerator-runtime/-/regenerator-runtime-0.14.1.tgz",
			"integrity": "sha512-dYnhHh0nJoMfnkZs6GmmhFknAGRrLznOu5nc9ML+EJxGvrx6H7teuevqVqCuPcPK//3eDrrjQhehXVx9cnkGdw=="
		},
		"node_modules/scheduler": {
			"version": "0.23.0",
			"resolved": "https://registry.npmjs.org/scheduler/-/scheduler-0.23.0.tgz",
			"integrity": "sha512-CtuThmgHNg7zIZWAXi3AsyIzA3n4xx7aNyjwC2VJldO2LMVDhFK+63xGqq6CsJH4rTAt6/M+N4GhZiDYPx9eUw==",
			"dependencies": {
				"loose-envify": "^1.1.0"
			}
		},
		"node_modules/sentence-case": {
			"version": "3.0.4",
			"resolved": "https://registry.npmjs.org/sentence-case/-/sentence-case-3.0.4.tgz",
			"integrity": "sha512-8LS0JInaQMCRoQ7YUytAo/xUu5W2XnQxV2HI/6uM6U7CITS1RqPElr30V6uIqyMKM9lJGRVFy5/4CuzcixNYSg==",
			"dependencies": {
				"no-case": "^3.0.4",
				"tslib": "^2.0.3",
				"upper-case-first": "^2.0.2"
			}
		},
		"node_modules/shallowequal": {
			"version": "1.1.0",
			"resolved": "https://registry.npmjs.org/shallowequal/-/shallowequal-1.1.0.tgz",
			"integrity": "sha512-y0m1JoUZSlPAjXVtPPW70aZWfIL/dSP7AFkRnniLCrK/8MDKog3TySTBmckD+RObVxH0v4Tox67+F14PdED2oQ=="
		},
		"node_modules/snake-case": {
			"version": "3.0.4",
			"resolved": "https://registry.npmjs.org/snake-case/-/snake-case-3.0.4.tgz",
			"integrity": "sha512-LAOh4z89bGQvl9pFfNF8V146i7o7/CqFPbqzYgP+yYzDIDeS9HaNFtXABamRW+AQzEVODcvE79ljJ+8a9YSdMg==",
			"dependencies": {
				"dot-case": "^3.0.4",
				"tslib": "^2.0.3"
			}
		},
		"node_modules/source-map-js": {
			"version": "1.0.2",
			"resolved": "https://registry.npmjs.org/source-map-js/-/source-map-js-1.0.2.tgz",
			"integrity": "sha512-R0XvVJ9WusLiqTCEiGCmICCMplcCkIwwR11mOSD9CR5u+IXYdiseeEuXCVAjS54zqwkLcPNnmU4OeJ6tUrWhDw==",
			"engines": {
				"node": ">=0.10.0"
			}
		},
		"node_modules/styled-components": {
			"version": "6.1.8",
			"resolved": "https://registry.npmjs.org/styled-components/-/styled-components-6.1.8.tgz",
			"integrity": "sha512-PQ6Dn+QxlWyEGCKDS71NGsXoVLKfE1c3vApkvDYS5KAK+V8fNWGhbSUEo9Gg2iaID2tjLXegEW3bZDUGpofRWw==",
			"dependencies": {
				"@emotion/is-prop-valid": "1.2.1",
				"@emotion/unitless": "0.8.0",
				"@types/stylis": "4.2.0",
				"css-to-react-native": "3.2.0",
				"csstype": "3.1.2",
				"postcss": "8.4.31",
				"shallowequal": "1.1.0",
				"stylis": "4.3.1",
				"tslib": "2.5.0"
			},
			"engines": {
				"node": ">= 16"
			},
			"funding": {
				"type": "opencollective",
				"url": "https://opencollective.com/styled-components"
			},
			"peerDependencies": {
				"react": ">= 16.8.0",
				"react-dom": ">= 16.8.0"
			}
		},
		"node_modules/styled-components/node_modules/postcss": {
			"version": "8.4.31",
			"resolved": "https://registry.npmjs.org/postcss/-/postcss-8.4.31.tgz",
			"integrity": "sha512-PS08Iboia9mts/2ygV3eLpY5ghnUcfLV/EXTOW1E2qYxJKGGBUtNjN76FYHnMs36RmARn41bC0AZmn+rR0OVpQ==",
			"funding": [
				{
					"type": "opencollective",
					"url": "https://opencollective.com/postcss/"
				},
				{
					"type": "tidelift",
					"url": "https://tidelift.com/funding/github/npm/postcss"
				},
				{
					"type": "github",
					"url": "https://github.com/sponsors/ai"
				}
			],
			"dependencies": {
				"nanoid": "^3.3.6",
				"picocolors": "^1.0.0",
				"source-map-js": "^1.0.2"
			},
			"engines": {
				"node": "^10 || ^12 || >=14"
			}
		},
		"node_modules/styled-components/node_modules/tslib": {
			"version": "2.5.0",
			"resolved": "https://registry.npmjs.org/tslib/-/tslib-2.5.0.tgz",
			"integrity": "sha512-336iVw3rtn2BUK7ORdIAHTyxHGRIHVReokCR3XjbckJMK7ms8FysBfhLR8IXnAgy7T0PTPNBWKiH514FOW/WSg=="
		},
		"node_modules/stylis": {
			"version": "4.3.1",
			"resolved": "https://registry.npmjs.org/stylis/-/stylis-4.3.1.tgz",
			"integrity": "sha512-EQepAV+wMsIaGVGX1RECzgrcqRRU/0sYOHkeLsZ3fzHaHXZy4DaOOX0vOlGQdlsjkh3mFHAIlVimpwAs4dslyQ=="
		},
		"node_modules/swiper": {
			"version": "11.1.3",
			"resolved": "https://registry.npmjs.org/swiper/-/swiper-11.1.3.tgz",
			"integrity": "sha512-80MSxonyTxrGcaWj9YgvvhD8OG0B9/9IVZP33vhIEvyWvmKjnQDBieO+29wKvMx285sAtvZyrWBdkxaw6+D3aw==",
			"funding": [
				{
					"type": "patreon",
					"url": "https://www.patreon.com/swiperjs"
				},
				{
					"type": "open_collective",
					"url": "http://opencollective.com/swiper"
				}
			],
			"engines": {
				"node": ">= 4.7.0"
			}
		},
		"node_modules/tslib": {
			"version": "2.6.2",
			"resolved": "https://registry.npmjs.org/tslib/-/tslib-2.6.2.tgz",
			"integrity": "sha512-AEYxH93jGFPn/a2iVAwW87VuUIkR1FVUKB77NwMF7nBTDkDrrT/Hpt/IrCJ0QXhW27jTBDcf5ZY7w6RiqTMw2Q=="
		},
		"node_modules/upper-case": {
			"version": "2.0.2",
			"resolved": "https://registry.npmjs.org/upper-case/-/upper-case-2.0.2.tgz",
			"integrity": "sha512-KgdgDGJt2TpuwBUIjgG6lzw2GWFRCW9Qkfkiv0DxqHHLYJHmtmdUIKcZd8rHgFSjopVTlw6ggzCm1b8MFQwikg==",
			"dependencies": {
				"tslib": "^2.0.3"
			}
		},
		"node_modules/upper-case-first": {
			"version": "2.0.2",
			"resolved": "https://registry.npmjs.org/upper-case-first/-/upper-case-first-2.0.2.tgz",
			"integrity": "sha512-514ppYHBaKwfJRK/pNC6c/OxfGa0obSnAl106u97Ed0I625Nin96KAjttZF6ZL3e1XLtphxnqrOi9iWgm+u+bg==",
			"dependencies": {
				"tslib": "^2.0.3"
			}
		}
	}
}
